# THIS IS AN AUTOGENERATED FILE. DO NOT EDIT THIS FILE DIRECTLY.
# yarn lockfile v1


"@types/node@^10.1.2":
  version "10.1.2"
  resolved "https://registry.yarnpkg.com/@types/node/-/node-10.1.2.tgz#1b928a0baa408fc8ae3ac012cc81375addc147c6"

babel-runtime@^6.26.0:
  version "6.26.0"
  resolved "https://registry.yarnpkg.com/babel-runtime/-/babel-runtime-6.26.0.tgz#965c7058668e82b55d7bfe04ff2337bc8b5647fe"
  dependencies:
    core-js "^2.4.0"
    regenerator-runtime "^0.11.0"

base-x@^3.0.2:
  version "3.0.4"
  resolved "https://registry.yarnpkg.com/base-x/-/base-x-3.0.4.tgz#94c1788736da065edb1d68808869e357c977fa77"
  dependencies:
    safe-buffer "^5.0.1"

bn.js@4.11.6:
  version "4.11.6"
  resolved "https://registry.yarnpkg.com/bn.js/-/bn.js-4.11.6.tgz#53344adb14617a13f6e8dd2ce28905d1c0ba3215"

bn.js@^4.4.0:
  version "4.11.8"
  resolved "https://registry.yarnpkg.com/bn.js/-/bn.js-4.11.8.tgz#2cde09eb5ee341f484746bb0309b3253b1b1442f"

brorand@^1.0.1:
  version "1.1.0"
  resolved "https://registry.yarnpkg.com/brorand/-/brorand-1.1.0.tgz#12c25efe40a45e3c323eb8675a0a0ce57b22371f"

bs58@^4.0.1:
  version "4.0.1"
  resolved "https://registry.yarnpkg.com/bs58/-/bs58-4.0.1.tgz#be161e76c354f6f788ae4071f63f34e8c4f0a42a"
  dependencies:
    base-x "^3.0.2"

cli-color@0.3.2:
  version "0.3.2"
  resolved "https://registry.yarnpkg.com/cli-color/-/cli-color-0.3.2.tgz#75fa5f728c308cc4ac594b05e06cc5d80daccd86"
  dependencies:
    d "~0.1.1"
    es5-ext "~0.10.2"
    memoizee "0.3.x"
    timers-ext "0.1.x"

clui@^0.3.6:
  version "0.3.6"
  resolved "https://registry.yarnpkg.com/clui/-/clui-0.3.6.tgz#8e1e5cea7332a6e54083f59da0ccbe1d6f2fa787"
  dependencies:
    cli-color "0.3.2"

commander@^2.15.1:
  version "2.15.1"
  resolved "https://registry.yarnpkg.com/commander/-/commander-2.15.1.tgz#df46e867d0fc2aec66a34662b406a9ccafff5b0f"

core-js@^2.4.0:
  version "2.5.6"
  resolved "https://registry.yarnpkg.com/core-js/-/core-js-2.5.6.tgz#0fe6d45bf3cac3ac364a9d72de7576f4eb221b9d"

d@1:
  version "1.0.0"
  resolved "https://registry.yarnpkg.com/d/-/d-1.0.0.tgz#754bb5bfe55451da69a58b94d45f4c5b0462d58f"
  dependencies:
    es5-ext "^0.10.9"

d@~0.1.1:
  version "0.1.1"
  resolved "https://registry.yarnpkg.com/d/-/d-0.1.1.tgz#da184c535d18d8ee7ba2aa229b914009fae11309"
  dependencies:
    es5-ext "~0.10.2"

dotenv@^5.0.1:
  version "5.0.1"
  resolved "https://registry.yarnpkg.com/dotenv/-/dotenv-5.0.1.tgz#a5317459bd3d79ab88cff6e44057a6a3fbb1fcef"

elliptic@6.3.2:
  version "6.3.2"
  resolved "http://registry.npmjs.org/elliptic/-/elliptic-6.3.2.tgz#e4c81e0829cf0a65ab70e998b8232723b5c1bc48"
  dependencies:
    bn.js "^4.4.0"
    brorand "^1.0.1"
    hash.js "^1.0.0"
    inherits "^2.0.1"

es5-ext@^0.10.35, es5-ext@^0.10.9, es5-ext@~0.10.11, es5-ext@~0.10.14, es5-ext@~0.10.2, es5-ext@~0.10.5, es5-ext@~0.10.6:
  version "0.10.42"
  resolved "https://registry.yarnpkg.com/es5-ext/-/es5-ext-0.10.42.tgz#8c07dd33af04d5dcd1310b5cef13bea63a89ba8d"
  dependencies:
    es6-iterator "~2.0.3"
    es6-symbol "~3.1.1"
    next-tick "1"

es6-iterator@~0.1.3:
  version "0.1.3"
  resolved "https://registry.yarnpkg.com/es6-iterator/-/es6-iterator-0.1.3.tgz#d6f58b8c4fc413c249b4baa19768f8e4d7c8944e"
  dependencies:
    d "~0.1.1"
    es5-ext "~0.10.5"
    es6-symbol "~2.0.1"

es6-iterator@~2.0.3:
  version "2.0.3"
  resolved "https://registry.yarnpkg.com/es6-iterator/-/es6-iterator-2.0.3.tgz#a7de889141a05a94b0854403b2d0a0fbfa98f3b7"
  dependencies:
    d "1"
    es5-ext "^0.10.35"
    es6-symbol "^3.1.1"

es6-symbol@^3.1.1, es6-symbol@~3.1.1:
  version "3.1.1"
  resolved "https://registry.yarnpkg.com/es6-symbol/-/es6-symbol-3.1.1.tgz#bf00ef4fdab6ba1b46ecb7b629b4c7ed5715cc77"
  dependencies:
    d "1"
    es5-ext "~0.10.14"

es6-symbol@~2.0.1:
  version "2.0.1"
  resolved "https://registry.yarnpkg.com/es6-symbol/-/es6-symbol-2.0.1.tgz#761b5c67cfd4f1d18afb234f691d678682cb3bf3"
  dependencies:
    d "~0.1.1"
    es5-ext "~0.10.5"

es6-weak-map@~0.1.4:
  version "0.1.4"
  resolved "https://registry.yarnpkg.com/es6-weak-map/-/es6-weak-map-0.1.4.tgz#706cef9e99aa236ba7766c239c8b9e286ea7d228"
  dependencies:
    d "~0.1.1"
    es5-ext "~0.10.6"
    es6-iterator "~0.1.3"
    es6-symbol "~2.0.1"

ethjs-abi@0.2.0:
  version "0.2.0"
  resolved "https://registry.yarnpkg.com/ethjs-abi/-/ethjs-abi-0.2.0.tgz#d3e2c221011520fc499b71682036c14fcc2f5b25"
  dependencies:
    bn.js "4.11.6"
    js-sha3 "0.5.5"
    number-to-bn "1.7.0"

ethjs-abi@0.2.1:
  version "0.2.1"
  resolved "https://registry.yarnpkg.com/ethjs-abi/-/ethjs-abi-0.2.1.tgz#e0a7a93a7e81163a94477bad56ede524ab6de533"
  dependencies:
    bn.js "4.11.6"
    js-sha3 "0.5.5"
    number-to-bn "1.7.0"

ethjs-account@^0.1.4:
  version "0.1.4"
  resolved "https://registry.yarnpkg.com/ethjs-account/-/ethjs-account-0.1.4.tgz#27a83786bd0c33b1625be8608dc22b009dbf7b87"
  dependencies:
    elliptic "6.3.2"
    ethjs-sha3 "0.1.2"
    randomhex "0.1.5"
    strip-hex-prefix "^1.0.0"

ethjs-contract@0.2.2:
  version "0.2.2"
  resolved "https://registry.yarnpkg.com/ethjs-contract/-/ethjs-contract-0.2.2.tgz#2ed71254cbb4f2b6fafa1db0d4a83870c887b472"
  dependencies:
    ethjs-abi "0.2.0"
    ethjs-filter "0.1.8"
    ethjs-util "0.1.3"
    js-sha3 "0.5.5"

ethjs-contract@^0.2.3:
  version "0.2.3"
  resolved "https://registry.yarnpkg.com/ethjs-contract/-/ethjs-contract-0.2.3.tgz#f113ced8ed1c9c635b0b7ec71901340b64e8cded"
  dependencies:
    babel-runtime "^6.26.0"
    ethjs-abi "0.2.0"
    ethjs-filter "0.1.8"
    ethjs-util "0.1.3"
    js-sha3 "0.5.5"

ethjs-filter@0.1.8:
  version "0.1.8"
  resolved "https://registry.yarnpkg.com/ethjs-filter/-/ethjs-filter-0.1.8.tgz#2b02726b820ed4dd3860614d185c0c0f7ed1747f"

ethjs-format@0.1.8:
  version "0.1.8"
  resolved "https://registry.yarnpkg.com/ethjs-format/-/ethjs-format-0.1.8.tgz#925ecdd965ea72a2a2daf2a122e5bf80b5ad522a"
  dependencies:
    bn.js "4.11.6"
    ethjs-schema "0.1.4"
    ethjs-util "0.1.3"
    is-hex-prefixed "1.0.0"
    number-to-bn "1.7.0"
    strip-hex-prefix "1.0.0"

ethjs-format@0.2.7:
  version "0.2.7"
  resolved "https://registry.yarnpkg.com/ethjs-format/-/ethjs-format-0.2.7.tgz#20c92f31c259a381588d069830d838b489774b86"
  dependencies:
    bn.js "4.11.6"
    ethjs-schema "0.2.1"
    ethjs-util "0.1.3"
    is-hex-prefixed "1.0.0"
    number-to-bn "1.7.0"
    strip-hex-prefix "1.0.0"

ethjs-provider-http@0.1.6:
  version "0.1.6"
  resolved "https://registry.yarnpkg.com/ethjs-provider-http/-/ethjs-provider-http-0.1.6.tgz#1ec5d9b4be257ef1d56a500b22a741985e889420"
  dependencies:
    xhr2 "0.1.3"

ethjs-provider-signer@^0.1.4:
  version "0.1.4"
  resolved "https://registry.yarnpkg.com/ethjs-provider-signer/-/ethjs-provider-signer-0.1.4.tgz#6bd5cb38a8d5b0ddf46ac1e23a60eea1716171ae"
  dependencies:
    ethjs-provider-http "0.1.6"
    ethjs-rpc "0.1.2"

ethjs-query@0.3.7:
  version "0.3.7"
  resolved "https://registry.yarnpkg.com/ethjs-query/-/ethjs-query-0.3.7.tgz#597884664e7769c5e314a8f2f7ac6b44aceaff5e"
  dependencies:
    ethjs-format "0.2.7"
    ethjs-rpc "0.2.0"
    promise-to-callback "^1.0.0"

ethjs-query@^0.3.8:
  version "0.3.8"
  resolved "https://registry.yarnpkg.com/ethjs-query/-/ethjs-query-0.3.8.tgz#aa5af02887bdd5f3c78b3256d0f22ffd5d357490"
  dependencies:
    babel-runtime "^6.26.0"
    ethjs-format "0.2.7"
    ethjs-rpc "0.2.0"
    promise-to-callback "^1.0.0"

ethjs-rpc@0.1.2:
  version "0.1.2"
  resolved "https://registry.yarnpkg.com/ethjs-rpc/-/ethjs-rpc-0.1.2.tgz#39a3456b51c59aeeafb5ba556589a59f2da88d26"
  dependencies:
    ethjs-format "0.1.8"

ethjs-rpc@0.2.0:
  version "0.2.0"
  resolved "https://registry.yarnpkg.com/ethjs-rpc/-/ethjs-rpc-0.2.0.tgz#3d0011e32cfff156ed6147818c6fb8f801701b4c"
  dependencies:
    promise-to-callback "^1.0.0"

ethjs-schema@0.1.4:
  version "0.1.4"
  resolved "https://registry.yarnpkg.com/ethjs-schema/-/ethjs-schema-0.1.4.tgz#0323a16333b1ace9a8f1d696a6ee63448fdd455f"

ethjs-schema@0.2.1:
  version "0.2.1"
  resolved "https://registry.yarnpkg.com/ethjs-schema/-/ethjs-schema-0.2.1.tgz#47e138920421453617069034684642e26bb310f4"

ethjs-sha3@0.1.2:
  version "0.1.2"
  resolved "https://registry.yarnpkg.com/ethjs-sha3/-/ethjs-sha3-0.1.2.tgz#e03f6c34a3c4206bdec28d4174d6d7ff066a15d2"
  dependencies:
    hash.js "1.0.3"

ethjs-signer@^0.1.1:
  version "0.1.1"
  resolved "https://registry.yarnpkg.com/ethjs-signer/-/ethjs-signer-0.1.1.tgz#0af77961e29ee458603aabd3660b8868d3386441"
  dependencies:
    elliptic "6.3.2"
    js-sha3 "0.5.5"
    number-to-bn "1.1.0"
    rlp "2.0.0"
    strip-hex-prefix "1.0.0"

ethjs-unit@0.1.6:
  version "0.1.6"
  resolved "https://registry.yarnpkg.com/ethjs-unit/-/ethjs-unit-0.1.6.tgz#c665921e476e87bce2a9d588a6fe0405b2c41699"
  dependencies:
    bn.js "4.11.6"
    number-to-bn "1.7.0"

ethjs-util@0.1.3:
  version "0.1.3"
  resolved "https://registry.yarnpkg.com/ethjs-util/-/ethjs-util-0.1.3.tgz#dfd5ea4a400dc5e421a889caf47e081ada78bb55"
  dependencies:
    is-hex-prefixed "1.0.0"
    strip-hex-prefix "1.0.0"

ethjs@^0.3.9:
  version "0.3.9"
  resolved "https://registry.yarnpkg.com/ethjs/-/ethjs-0.3.9.tgz#287e1fe75de8ee1fb73ae2cf6218395398e8f84c"
  dependencies:
    bn.js "4.11.6"
    ethjs-abi "0.2.1"
    ethjs-contract "0.2.2"
    ethjs-filter "0.1.8"
    ethjs-provider-http "0.1.6"
    ethjs-query "0.3.7"
    ethjs-unit "0.1.6"
    ethjs-util "0.1.3"
    js-sha3 "0.5.5"
    number-to-bn "1.7.0"

ethstream@0.0.9:
  version "0.0.9"
  resolved "https://registry.yarnpkg.com/ethstream/-/ethstream-0.0.9.tgz#4f35ca542ab38fb56d11ba9840bed21c6a389d4b"
  dependencies:
    ethjs "^0.3.9"
    mobx "^4.2.1"

event-emitter@~0.3.4:
  version "0.3.5"
  resolved "https://registry.yarnpkg.com/event-emitter/-/event-emitter-0.3.5.tgz#df8c69eef1647923c7157b9ce83840610b02cc39"
  dependencies:
    d "1"
    es5-ext "~0.10.14"

hash.js@1.0.3:
  version "1.0.3"
  resolved "https://registry.yarnpkg.com/hash.js/-/hash.js-1.0.3.tgz#1332ff00156c0a0ffdd8236013d07b77a0451573"
  dependencies:
    inherits "^2.0.1"

hash.js@^1.0.0:
  version "1.1.3"
  resolved "https://registry.yarnpkg.com/hash.js/-/hash.js-1.1.3.tgz#340dedbe6290187151c1ea1d777a3448935df846"
  dependencies:
    inherits "^2.0.3"
    minimalistic-assert "^1.0.0"

inherits@^2.0.1, inherits@^2.0.3:
  version "2.0.3"
  resolved "https://registry.yarnpkg.com/inherits/-/inherits-2.0.3.tgz#633c2c83e3da42a502f52466022480f4208261de"

is-fn@^1.0.0:
  version "1.0.0"
  resolved "https://registry.yarnpkg.com/is-fn/-/is-fn-1.0.0.tgz#9543d5de7bcf5b08a22ec8a20bae6e286d510d8c"

is-hex-prefixed@1.0.0:
  version "1.0.0"
  resolved "https://registry.yarnpkg.com/is-hex-prefixed/-/is-hex-prefixed-1.0.0.tgz#7d8d37e6ad77e5d127148913c573e082d777f554"

js-sha3@0.5.5:
  version "0.5.5"
  resolved "https://registry.yarnpkg.com/js-sha3/-/js-sha3-0.5.5.tgz#baf0c0e8c54ad5903447df96ade7a4a1bca79a4a"

js-sha3@^0.7.0:
  version "0.7.0"
  resolved "https://registry.yarnpkg.com/js-sha3/-/js-sha3-0.7.0.tgz#0a5c57b36f79882573b2d84051f8bb85dd1bd63a"

lru-queue@0.1:
  version "0.1.0"
  resolved "https://registry.yarnpkg.com/lru-queue/-/lru-queue-0.1.0.tgz#2738bd9f0d3cf4f84490c5736c48699ac632cda3"
  dependencies:
    es5-ext "~0.10.2"

memoizee@0.3.x:
  version "0.3.10"
  resolved "https://registry.yarnpkg.com/memoizee/-/memoizee-0.3.10.tgz#4eca0d8aed39ec9d017f4c5c2f2f6432f42e5c8f"
  dependencies:
    d "~0.1.1"
    es5-ext "~0.10.11"
    es6-weak-map "~0.1.4"
    event-emitter "~0.3.4"
    lru-queue "0.1"
    next-tick "~0.2.2"
    timers-ext "0.1"

minimalistic-assert@^1.0.0:
  version "1.0.1"
  resolved "https://registry.yarnpkg.com/minimalistic-assert/-/minimalistic-assert-1.0.1.tgz#2e194de044626d4a10e7f7fbc00ce73e83e4d5c7"

mobx@^4.2.1:
  version "4.3.0"
  resolved "https://registry.yarnpkg.com/mobx/-/mobx-4.3.0.tgz#50a5e63fd0197a83c68166ff83ada45b65c859f8"

next-tick@1:
  version "1.0.0"
  resolved "https://registry.yarnpkg.com/next-tick/-/next-tick-1.0.0.tgz#ca86d1fe8828169b0120208e3dc8424b9db8342c"

next-tick@~0.2.2:
  version "0.2.2"
  resolved "https://registry.yarnpkg.com/next-tick/-/next-tick-0.2.2.tgz#75da4a927ee5887e39065880065b7336413b310d"

number-to-bn@1.1.0:
  version "1.1.0"
  resolved "https://registry.yarnpkg.com/number-to-bn/-/number-to-bn-1.1.0.tgz#51a3387c5bc68035ab4058c626132f767d9d08bf"
  dependencies:
    bn.js "4.11.6"
    is-hex-prefixed "1.0.0"
    strip-hex-prefix "1.0.0"

number-to-bn@1.7.0:
  version "1.7.0"
  resolved "https://registry.yarnpkg.com/number-to-bn/-/number-to-bn-1.7.0.tgz#bb3623592f7e5f9e0030b1977bd41a0c53fe1ea0"
  dependencies:
    bn.js "4.11.6"
    strip-hex-prefix "1.0.0"

promise-to-callback@^1.0.0:
  version "1.0.0"
  resolved "https://registry.yarnpkg.com/promise-to-callback/-/promise-to-callback-1.0.0.tgz#5d2a749010bfb67d963598fcd3960746a68feef7"
  dependencies:
    is-fn "^1.0.0"
    set-immediate-shim "^1.0.1"

randomhex@0.1.5:
  version "0.1.5"
  resolved "https://registry.yarnpkg.com/randomhex/-/randomhex-0.1.5.tgz#baceef982329091400f2a2912c6cd02f1094f585"

regenerator-runtime@^0.11.0:
  version "0.11.1"
  resolved "https://registry.yarnpkg.com/regenerator-runtime/-/regenerator-runtime-0.11.1.tgz#be05ad7f9bf7d22e056f9726cee5017fbf19e2e9"

rlp@2.0.0:
  version "2.0.0"
  resolved "https://registry.yarnpkg.com/rlp/-/rlp-2.0.0.tgz#9db384ff4b89a8f61563d92395d8625b18f3afb0"

safe-buffer@^5.0.1:
  version "5.1.2"
  resolved "https://registry.yarnpkg.com/safe-buffer/-/safe-buffer-5.1.2.tgz#991ec69d296e0313747d59bdfd2b745c35f8828d"

set-immediate-shim@^1.0.1:
  version "1.0.1"
  resolved "https://registry.yarnpkg.com/set-immediate-shim/-/set-immediate-shim-1.0.1.tgz#4b2b1b27eb808a9f8dcc481a58e5e56f599f3f61"

strip-hex-prefix@1.0.0, strip-hex-prefix@^1.0.0:
  version "1.0.0"
  resolved "https://registry.yarnpkg.com/strip-hex-prefix/-/strip-hex-prefix-1.0.0.tgz#0c5f155fef1151373377de9dbb588da05500e36f"
  dependencies:
    is-hex-prefixed "1.0.0"

timers-ext@0.1, timers-ext@0.1.x:
  version "0.1.5"
  resolved "https://registry.yarnpkg.com/timers-ext/-/timers-ext-0.1.5.tgz#77147dd4e76b660c2abb8785db96574cbbd12922"
  dependencies:
    es5-ext "~0.10.14"
    next-tick "1"

tweetnacl-util@^0.15.0:
  version "0.15.0"
  resolved "https://registry.yarnpkg.com/tweetnacl-util/-/tweetnacl-util-0.15.0.tgz#4576c1cee5e2d63d207fee52f1ba02819480bc75"

tweetnacl@^1.0.0:
  version "1.0.0"
  resolved "https://registry.yarnpkg.com/tweetnacl/-/tweetnacl-1.0.0.tgz#713d8b818da42068740bf68386d0479e66fc8a7b"

typescript@^2.8.3:
  version "2.8.3"
  resolved "https://registry.yarnpkg.com/typescript/-/typescript-2.8.3.tgz#5d817f9b6f31bb871835f4edf0089f21abe6c170"

xhr2@0.1.3:
  version "0.1.3"
  resolved "https://registry.yarnpkg.com/xhr2/-/xhr2-0.1.3.tgz#cbfc4759a69b4a888e78cf4f20b051038757bd11"
